// !$*UTF8*$!
{
	archiveVersion = 1;
	classes = {
	};
	objectVersion = 56;
	objects = {

/* Begin PBXBuildFile section */
		3016CB2B2AF48F5300A60EA4 /* MainViewController.swift in Sources */ = {isa = PBXBuildFile; fileRef = 3016CB2A2AF48F5300A60EA4 /* MainViewController.swift */; };
		3016CB2E2AF4902C00A60EA4 /* SnapKit in Frameworks */ = {isa = PBXBuildFile; productRef = 3016CB2D2AF4902C00A60EA4 /* SnapKit */; };
		3016CB312AF490B900A60EA4 /* NotificationManager in Frameworks */ = {isa = PBXBuildFile; productRef = 3016CB302AF490B900A60EA4 /* NotificationManager */; };
		3016CB332AF492A300A60EA4 /* CollectionView.swift in Sources */ = {isa = PBXBuildFile; fileRef = 3016CB322AF492A300A60EA4 /* CollectionView.swift */; };
		3016CB352AF4995800A60EA4 /* PhotoData.swift in Sources */ = {isa = PBXBuildFile; fileRef = 3016CB342AF4995800A60EA4 /* PhotoData.swift */; };
		3016CB372AF49E5700A60EA4 /* FirstTypeCollectionViewCell.swift in Sources */ = {isa = PBXBuildFile; fileRef = 3016CB362AF49E5700A60EA4 /* FirstTypeCollectionViewCell.swift */; };
		3016CB392AF4A50600A60EA4 /* SecondTypeCollectionViewCell.swift in Sources */ = {isa = PBXBuildFile; fileRef = 3016CB382AF4A50600A60EA4 /* SecondTypeCollectionViewCell.swift */; };
		3016CB3B2AF4A9F400A60EA4 /* HeaderReusableView.swift in Sources */ = {isa = PBXBuildFile; fileRef = 3016CB3A2AF4A9F400A60EA4 /* HeaderReusableView.swift */; };
		3016CB3D2AF4CA3A00A60EA4 /* PhotosModel.swift in Sources */ = {isa = PBXBuildFile; fileRef = 3016CB3C2AF4CA3A00A60EA4 /* PhotosModel.swift */; };
		30183F302AF4D26000D86282 /* Localizable.strings in Resources */ = {isa = PBXBuildFile; fileRef = 30183F322AF4D26000D86282 /* Localizable.strings */; };
		30D3D09C2AF48BD80001704C /* AppDelegate.swift in Sources */ = {isa = PBXBuildFile; fileRef = 30D3D09B2AF48BD80001704C /* AppDelegate.swift */; };
		30D3D09E2AF48BD80001704C /* SceneDelegate.swift in Sources */ = {isa = PBXBuildFile; fileRef = 30D3D09D2AF48BD80001704C /* SceneDelegate.swift */; };
		30D3D0A52AF48BD90001704C /* Assets.xcassets in Resources */ = {isa = PBXBuildFile; fileRef = 30D3D0A42AF48BD90001704C /* Assets.xcassets */; };
		30D3D0A82AF48BD90001704C /* LaunchScreen.storyboard in Resources */ = {isa = PBXBuildFile; fileRef = 30D3D0A62AF48BD90001704C /* LaunchScreen.storyboard */; };
/* End PBXBuildFile section */

/* Begin PBXFileReference section */
		3016CB2A2AF48F5300A60EA4 /* MainViewController.swift */ = {isa = PBXFileReference; lastKnownFileType = sourcecode.swift; path = MainViewController.swift; sourceTree = "<group>"; };
		3016CB322AF492A300A60EA4 /* CollectionView.swift */ = {isa = PBXFileReference; lastKnownFileType = sourcecode.swift; path = CollectionView.swift; sourceTree = "<group>"; };
		3016CB342AF4995800A60EA4 /* PhotoData.swift */ = {isa = PBXFileReference; lastKnownFileType = sourcecode.swift; path = PhotoData.swift; sourceTree = "<group>"; };
		3016CB362AF49E5700A60EA4 /* FirstTypeCollectionViewCell.swift */ = {isa = PBXFileReference; lastKnownFileType = sourcecode.swift; path = FirstTypeCollectionViewCell.swift; sourceTree = "<group>"; };
		3016CB382AF4A50600A60EA4 /* SecondTypeCollectionViewCell.swift */ = {isa = PBXFileReference; lastKnownFileType = sourcecode.swift; path = SecondTypeCollectionViewCell.swift; sourceTree = "<group>"; };
		3016CB3A2AF4A9F400A60EA4 /* HeaderReusableView.swift */ = {isa = PBXFileReference; lastKnownFileType = sourcecode.swift; path = HeaderReusableView.swift; sourceTree = "<group>"; };
		3016CB3C2AF4CA3A00A60EA4 /* PhotosModel.swift */ = {isa = PBXFileReference; lastKnownFileType = sourcecode.swift; path = PhotosModel.swift; sourceTree = "<group>"; };
		30183F312AF4D26000D86282 /* en */ = {isa = PBXFileReference; lastKnownFileType = text.plist.strings; name = en; path = en.lproj/Localizable.strings; sourceTree = "<group>"; };
		30183F332AF4D29300D86282 /* ru */ = {isa = PBXFileReference; lastKnownFileType = text.plist.strings; name = ru; path = ru.lproj/LaunchScreen.strings; sourceTree = "<group>"; };
		30183F342AF4D29300D86282 /* ru */ = {isa = PBXFileReference; lastKnownFileType = text.plist.strings; name = ru; path = ru.lproj/Localizable.strings; sourceTree = "<group>"; };
		30D3D0982AF48BD80001704C /* iOS_Photos.app */ = {isa = PBXFileReference; explicitFileType = wrapper.application; includeInIndex = 0; path = iOS_Photos.app; sourceTree = BUILT_PRODUCTS_DIR; };
		30D3D09B2AF48BD80001704C /* AppDelegate.swift */ = {isa = PBXFileReference; lastKnownFileType = sourcecode.swift; path = AppDelegate.swift; sourceTree = "<group>"; };
		30D3D09D2AF48BD80001704C /* SceneDelegate.swift */ = {isa = PBXFileReference; lastKnownFileType = sourcecode.swift; path = SceneDelegate.swift; sourceTree = "<group>"; };
		30D3D0A42AF48BD90001704C /* Assets.xcassets */ = {isa = PBXFileReference; lastKnownFileType = folder.assetcatalog; path = Assets.xcassets; sourceTree = "<group>"; };
		30D3D0A72AF48BD90001704C /* Base */ = {isa = PBXFileReference; lastKnownFileType = file.storyboard; name = Base; path = Base.lproj/LaunchScreen.storyboard; sourceTree = "<group>"; };
		30D3D0A92AF48BD90001704C /* Info.plist */ = {isa = PBXFileReference; lastKnownFileType = text.plist.xml; path = Info.plist; sourceTree = "<group>"; };
/* End PBXFileReference section */

/* Begin PBXFrameworksBuildPhase section */
		30D3D0952AF48BD80001704C /* Frameworks */ = {
			isa = PBXFrameworksBuildPhase;
			buildActionMask = 2147483647;
			files = (
				3016CB2E2AF4902C00A60EA4 /* SnapKit in Frameworks */,
				3016CB312AF490B900A60EA4 /* NotificationManager in Frameworks */,
			);
			runOnlyForDeploymentPostprocessing = 0;
		};
/* End PBXFrameworksBuildPhase section */

/* Begin PBXGroup section */
		30D3D08F2AF48BD80001704C = {
			isa = PBXGroup;
			children = (
				30D3D09A2AF48BD80001704C /* iOS_Photos */,
				30D3D0992AF48BD80001704C /* Products */,
			);
			sourceTree = "<group>";
		};
		30D3D0992AF48BD80001704C /* Products */ = {
			isa = PBXGroup;
			children = (
				30D3D0982AF48BD80001704C /* iOS_Photos.app */,
			);
			name = Products;
			sourceTree = "<group>";
		};
		30D3D09A2AF48BD80001704C /* iOS_Photos */ = {
			isa = PBXGroup;
			children = (
				30D3D0B42AF48D090001704C /* Sources */,
				30D3D0B12AF48CCC0001704C /* Models */,
				30D3D0AF2AF48C8D0001704C /* Resources */,
			);
			path = iOS_Photos;
			sourceTree = "<group>";
		};
		30D3D0AF2AF48C8D0001704C /* Resources */ = {
			isa = PBXGroup;
			children = (
				30D3D0A42AF48BD90001704C /* Assets.xcassets */,
				30D3D0A62AF48BD90001704C /* LaunchScreen.storyboard */,
				30D3D0A92AF48BD90001704C /* Info.plist */,
				30183F322AF4D26000D86282 /* Localizable.strings */,
			);
			path = Resources;
			sourceTree = "<group>";
		};
		30D3D0B02AF48CB70001704C /* App */ = {
			isa = PBXGroup;
			children = (
				30D3D09B2AF48BD80001704C /* AppDelegate.swift */,
				30D3D09D2AF48BD80001704C /* SceneDelegate.swift */,
			);
			path = App;
			sourceTree = "<group>";
		};
		30D3D0B12AF48CCC0001704C /* Models */ = {
			isa = PBXGroup;
			children = (
				3016CB342AF4995800A60EA4 /* PhotoData.swift */,
				3016CB3C2AF4CA3A00A60EA4 /* PhotosModel.swift */,
			);
			path = Models;
			sourceTree = "<group>";
		};
		30D3D0B22AF48CE50001704C /* Scenes */ = {
			isa = PBXGroup;
			children = (
				3016CB2A2AF48F5300A60EA4 /* MainViewController.swift */,
				3016CB3A2AF4A9F400A60EA4 /* HeaderReusableView.swift */,
				3016CB382AF4A50600A60EA4 /* SecondTypeCollectionViewCell.swift */,
				3016CB362AF49E5700A60EA4 /* FirstTypeCollectionViewCell.swift */,
			);
			path = Scenes;
			sourceTree = "<group>";
		};
		30D3D0B32AF48CF50001704C /* Extensions */ = {
			isa = PBXGroup;
			children = (
				3016CB322AF492A300A60EA4 /* CollectionView.swift */,
			);
			path = Extensions;
			sourceTree = "<group>";
		};
		30D3D0B42AF48D090001704C /* Sources */ = {
			isa = PBXGroup;
			children = (
				30D3D0B32AF48CF50001704C /* Extensions */,
				30D3D0B22AF48CE50001704C /* Scenes */,
				30D3D0B02AF48CB70001704C /* App */,
			);
			path = Sources;
			sourceTree = "<group>";
		};
/* End PBXGroup section */

/* Begin PBXNativeTarget section */
		30D3D0972AF48BD80001704C /* iOS_Photos */ = {
			isa = PBXNativeTarget;
			buildConfigurationList = 30D3D0AC2AF48BD90001704C /* Build configuration list for PBXNativeTarget "iOS_Photos" */;
			buildPhases = (
				30D3D0942AF48BD80001704C /* Sources */,
				30D3D0952AF48BD80001704C /* Frameworks */,
				30D3D0962AF48BD80001704C /* Resources */,
			);
			buildRules = (
			);
			dependencies = (
			);
			name = iOS_Photos;
			packageProductDependencies = (
				3016CB2D2AF4902C00A60EA4 /* SnapKit */,
				3016CB302AF490B900A60EA4 /* NotificationManager */,
			);
			productName = iOS_Photos;
			productReference = 30D3D0982AF48BD80001704C /* iOS_Photos.app */;
			productType = "com.apple.product-type.application";
		};
/* End PBXNativeTarget section */

/* Begin PBXProject section */
		30D3D0902AF48BD80001704C /* Project object */ = {
			isa = PBXProject;
			attributes = {
				BuildIndependentTargetsInParallel = 1;
				LastSwiftUpdateCheck = 1500;
				LastUpgradeCheck = 1500;
				TargetAttributes = {
					30D3D0972AF48BD80001704C = {
						CreatedOnToolsVersion = 15.0.1;
					};
				};
			};
			buildConfigurationList = 30D3D0932AF48BD80001704C /* Build configuration list for PBXProject "iOS_Photos" */;
			compatibilityVersion = "Xcode 14.0";
			developmentRegion = en;
			hasScannedForEncodings = 0;
			knownRegions = (
				en,
				Base,
				ru,
			);
			mainGroup = 30D3D08F2AF48BD80001704C;
			packageReferences = (
				3016CB2C2AF4902C00A60EA4 /* XCRemoteSwiftPackageReference "SnapKit" */,
				3016CB2F2AF490B900A60EA4 /* XCRemoteSwiftPackageReference "NotificationManager" */,
			);
			productRefGroup = 30D3D0992AF48BD80001704C /* Products */;
			projectDirPath = "";
			projectRoot = "";
			targets = (
				30D3D0972AF48BD80001704C /* iOS_Photos */,
			);
		};
/* End PBXProject section */

/* Begin PBXResourcesBuildPhase section */
		30D3D0962AF48BD80001704C /* Resources */ = {
			isa = PBXResourcesBuildPhase;
			buildActionMask = 2147483647;
			files = (
				30D3D0A82AF48BD90001704C /* LaunchScreen.storyboard in Resources */,
				30183F302AF4D26000D86282 /* Localizable.strings in Resources */,
				30D3D0A52AF48BD90001704C /* Assets.xcassets in Resources */,
			);
			runOnlyForDeploymentPostprocessing = 0;
		};
/* End PBXResourcesBuildPhase section */

/* Begin PBXSourcesBuildPhase section */
		30D3D0942AF48BD80001704C /* Sources */ = {
			isa = PBXSourcesBuildPhase;
			buildActionMask = 2147483647;
			files = (
				3016CB2B2AF48F5300A60EA4 /* MainViewController.swift in Sources */,
				3016CB372AF49E5700A60EA4 /* FirstTypeCollectionViewCell.swift in Sources */,
				3016CB3D2AF4CA3A00A60EA4 /* PhotosModel.swift in Sources */,
				3016CB3B2AF4A9F400A60EA4 /* HeaderReusableView.swift in Sources */,
				3016CB352AF4995800A60EA4 /* PhotoData.swift in Sources */,
				30D3D09C2AF48BD80001704C /* AppDelegate.swift in Sources */,
				3016CB332AF492A300A60EA4 /* CollectionView.swift in Sources */,
				30D3D09E2AF48BD80001704C /* SceneDelegate.swift in Sources */,
				3016CB392AF4A50600A60EA4 /* SecondTypeCollectionViewCell.swift in Sources */,
			);
			runOnlyForDeploymentPostprocessing = 0;
		};
/* End PBXSourcesBuildPhase section */

/* Begin PBXVariantGroup section */
		30183F322AF4D26000D86282 /* Localizable.strings */ = {
			isa = PBXVariantGroup;
			children = (
				30183F312AF4D26000D86282 /* en */,
				30183F342AF4D29300D86282 /* ru */,
			);
			name = Localizable.strings;
			sourceTree = "<group>";
		};
		30D3D0A62AF48BD90001704C /* LaunchScreen.storyboard */ = {
			isa = PBXVariantGroup;
			children = (
				30D3D0A72AF48BD90001704C /* Base */,
				30183F332AF4D29300D86282 /* ru */,
			);
			name = LaunchScreen.storyboard;
			sourceTree = "<group>";
		};
/* End PBXVariantGroup section */

/* Begin XCBuildConfiguration section */
		30D3D0AA2AF48BD90001704C /* Debug */ = {
			isa = XCBuildConfiguration;
			buildSettings = {
				ALWAYS_SEARCH_USER_PATHS = NO;
				ASSETCATALOG_COMPILER_GENERATE_SWIFT_ASSET_SYMBOL_EXTENSIONS = YES;
				CLANG_ANALYZER_LOCALIZABILITY_NONLOCALIZED = YES;
				CLANG_ANALYZER_NONNULL = YES;
				CLANG_ANALYZER_NUMBER_OBJECT_CONVERSION = YES_AGGRESSIVE;
				CLANG_CXX_LANGUAGE_STANDARD = "gnu++20";
				CLANG_ENABLE_MODULES = YES;
				CLANG_ENABLE_OBJC_ARC = YES;
				CLANG_ENABLE_OBJC_WEAK = YES;
				CLANG_WARN_BLOCK_CAPTURE_AUTORELEASING = YES;
				CLANG_WARN_BOOL_CONVERSION = YES;
				CLANG_WARN_COMMA = YES;
				CLANG_WARN_CONSTANT_CONVERSION = YES;
				CLANG_WARN_DEPRECATED_OBJC_IMPLEMENTATIONS = YES;
				CLANG_WARN_DIRECT_OBJC_ISA_USAGE = YES_ERROR;
				CLANG_WARN_DOCUMENTATION_COMMENTS = YES;
				CLANG_WARN_EMPTY_BODY = YES;
				CLANG_WARN_ENUM_CONVERSION = YES;
				CLANG_WARN_INFINITE_RECURSION = YES;
				CLANG_WARN_INT_CONVERSION = YES;
				CLANG_WARN_NON_LITERAL_NULL_CONVERSION = YES;
				CLANG_WARN_OBJC_IMPLICIT_RETAIN_SELF = YES;
				CLANG_WARN_OBJC_LITERAL_CONVERSION = YES;
				CLANG_WARN_OBJC_ROOT_CLASS = YES_ERROR;
				CLANG_WARN_QUOTED_INCLUDE_IN_FRAMEWORK_HEADER = YES;
				CLANG_WARN_RANGE_LOOP_ANALYSIS = YES;
				CLANG_WARN_STRICT_PROTOTYPES = YES;
				CLANG_WARN_SUSPICIOUS_MOVE = YES;
				CLANG_WARN_UNGUARDED_AVAILABILITY = YES_AGGRESSIVE;
				CLANG_WARN_UNREACHABLE_CODE = YES;
				CLANG_WARN__DUPLICATE_METHOD_MATCH = YES;
				COPY_PHASE_STRIP = NO;
				DEBUG_INFORMATION_FORMAT = dwarf;
				ENABLE_STRICT_OBJC_MSGSEND = YES;
				ENABLE_TESTABILITY = YES;
				ENABLE_USER_SCRIPT_SANDBOXING = YES;
				GCC_C_LANGUAGE_STANDARD = gnu17;
				GCC_DYNAMIC_NO_PIC = NO;
				GCC_NO_COMMON_BLOCKS = YES;
				GCC_OPTIMIZATION_LEVEL = 0;
				GCC_PREPROCESSOR_DEFINITIONS = (
					"DEBUG=1",
					"$(inherited)",
				);
				GCC_WARN_64_TO_32_BIT_CONVERSION = YES;
				GCC_WARN_ABOUT_RETURN_TYPE = YES_ERROR;
				GCC_WARN_UNDECLARED_SELECTOR = YES;
				GCC_WARN_UNINITIALIZED_AUTOS = YES_AGGRESSIVE;
				GCC_WARN_UNUSED_FUNCTION = YES;
				GCC_WARN_UNUSED_VARIABLE = YES;
				IPHONEOS_DEPLOYMENT_TARGET = 17.0;
				LOCALIZATION_PREFERS_STRING_CATALOGS = YES;
				MTL_ENABLE_DEBUG_INFO = INCLUDE_SOURCE;
				MTL_FAST_MATH = YES;
				ONLY_ACTIVE_ARCH = YES;
				SDKROOT = iphoneos;
				SWIFT_ACTIVE_COMPILATION_CONDITIONS = "DEBUG $(inherited)";
				SWIFT_OPTIMIZATION_LEVEL = "-Onone";
			};
			name = Debug;
		};
		30D3D0AB2AF48BD90001704C /* Release */ = {
			isa = XCBuildConfiguration;
			buildSettings = {
				ALWAYS_SEARCH_USER_PATHS = NO;
				ASSETCATALOG_COMPILER_GENERATE_SWIFT_ASSET_SYMBOL_EXTENSIONS = YES;
				CLANG_ANALYZER_LOCALIZABILITY_NONLOCALIZED = YES;
				CLANG_ANALYZER_NONNULL = YES;
				CLANG_ANALYZER_NUMBER_OBJECT_CONVERSION = YES_AGGRESSIVE;
				CLANG_CXX_LANGUAGE_STANDARD = "gnu++20";
				CLANG_ENABLE_MODULES = YES;
				CLANG_ENABLE_OBJC_ARC = YES;
				CLANG_ENABLE_OBJC_WEAK = YES;
				CLANG_WARN_BLOCK_CAPTURE_AUTORELEASING = YES;
				CLANG_WARN_BOOL_CONVERSION = YES;
				CLANG_WARN_COMMA = YES;
				CLANG_WARN_CONSTANT_CONVERSION = YES;
				CLANG_WARN_DEPRECATED_OBJC_IMPLEMENTATIONS = YES;
				CLANG_WARN_DIRECT_OBJC_ISA_USAGE = YES_ERROR;
				CLANG_WARN_DOCUMENTATION_COMMENTS = YES;
				CLANG_WARN_EMPTY_BODY = YES;
				CLANG_WARN_ENUM_CONVERSION = YES;
				CLANG_WARN_INFINITE_RECURSION = YES;
				CLANG_WARN_INT_CONVERSION = YES;
				CLANG_WARN_NON_LITERAL_NULL_CONVERSION = YES;
				CLANG_WARN_OBJC_IMPLICIT_RETAIN_SELF = YES;
				CLANG_WARN_OBJC_LITERAL_CONVERSION = YES;
				CLANG_WARN_OBJC_ROOT_CLASS = YES_ERROR;
				CLANG_WARN_QUOTED_INCLUDE_IN_FRAMEWORK_HEADER = YES;
				CLANG_WARN_RANGE_LOOP_ANALYSIS = YES;
				CLANG_WARN_STRICT_PROTOTYPES = YES;
				CLANG_WARN_SUSPICIOUS_MOVE = YES;
				CLANG_WARN_UNGUARDED_AVAILABILITY = YES_AGGRESSIVE;
				CLANG_WARN_UNREACHABLE_CODE = YES;
				CLANG_WARN__DUPLICATE_METHOD_MATCH = YES;
				COPY_PHASE_STRIP = NO;
				DEBUG_INFORMATION_FORMAT = "dwarf-with-dsym";
				ENABLE_NS_ASSERTIONS = NO;
				ENABLE_STRICT_OBJC_MSGSEND = YES;
				ENABLE_USER_SCRIPT_SANDBOXING = YES;
				GCC_C_LANGUAGE_STANDARD = gnu17;
				GCC_NO_COMMON_BLOCKS = YES;
				GCC_WARN_64_TO_32_BIT_CONVERSION = YES;
				GCC_WARN_ABOUT_RETURN_TYPE = YES_ERROR;
				GCC_WARN_UNDECLARED_SELECTOR = YES;
				GCC_WARN_UNINITIALIZED_AUTOS = YES_AGGRESSIVE;
				GCC_WARN_UNUSED_FUNCTION = YES;
				GCC_WARN_UNUSED_VARIABLE = YES;
				IPHONEOS_DEPLOYMENT_TARGET = 17.0;
				LOCALIZATION_PREFERS_STRING_CATALOGS = YES;
				MTL_ENABLE_DEBUG_INFO = NO;
				MTL_FAST_MATH = YES;
				SDKROOT = iphoneos;
				SWIFT_COMPILATION_MODE = wholemodule;
				VALIDATE_PRODUCT = YES;
			};
			name = Release;
		};
		30D3D0AD2AF48BD90001704C /* Debug */ = {
			isa = XCBuildConfiguration;
			buildSettings = {
				ASSETCATALOG_COMPILER_APPICON_NAME = AppIcon;
				ASSETCATALOG_COMPILER_GLOBAL_ACCENT_COLOR_NAME = AccentColor;
				CODE_SIGN_STYLE = Automatic;
				CURRENT_PROJECT_VERSION = 1;
				DEVELOPMENT_TEAM = 9CUB4SJUB5;
				GENERATE_INFOPLIST_FILE = YES;
				INFOPLIST_FILE = iOS_Photos/Resources/Info.plist;
				INFOPLIST_KEY_UIApplicationSupportsIndirectInputEvents = YES;
				INFOPLIST_KEY_UILaunchStoryboardName = LaunchScreen;
				INFOPLIST_KEY_UISupportedInterfaceOrientations = UIInterfaceOrientationPortrait;
				LD_RUNPATH_SEARCH_PATHS = (
					"$(inherited)",
					"@executable_path/Frameworks",
				);
				MARKETING_VERSION = 1.0;
				PRODUCT_BUNDLE_IDENTIFIER = "Roman.iOS-Photos";
				PRODUCT_NAME = "$(TARGET_NAME)";
				SWIFT_EMIT_LOC_STRINGS = YES;
				SWIFT_VERSION = 5.0;
				TARGETED_DEVICE_FAMILY = "1,2";
			};
			name = Debug;
		};
		30D3D0AE2AF48BD90001704C /* Release */ = {
			isa = XCBuildConfiguration;
			buildSettings = {
				ASSETCATALOG_COMPILER_APPICON_NAME = AppIcon;
				ASSETCATALOG_COMPILER_GLOBAL_ACCENT_COLOR_NAME = AccentColor;
				CODE_SIGN_STYLE = Automatic;
				CURRENT_PROJECT_VERSION = 1;
				DEVELOPMENT_TEAM = 9CUB4SJUB5;
				GENERATE_INFOPLIST_FILE = YES;
				INFOPLIST_FILE = iOS_Photos/Resources/Info.plist;
				INFOPLIST_KEY_UIApplicationSupportsIndirectInputEvents = YES;
				INFOPLIST_KEY_UILaunchStoryboardName = LaunchScreen;
				INFOPLIST_KEY_UISupportedInterfaceOrientations = UIInterfaceOrientationPortrait;
				LD_RUNPATH_SEARCH_PATHS = (
					"$(inherited)",
					"@executable_path/Frameworks",
				);
				MARKETING_VERSION = 1.0;
				PRODUCT_BUNDLE_IDENTIFIER = "Roman.iOS-Photos";
				PRODUCT_NAME = "$(TARGET_NAME)";
				SWIFT_EMIT_LOC_STRINGS = YES;
				SWIFT_VERSION = 5.0;
				TARGETED_DEVICE_FAMILY = "1,2";
			};
			name = Release;
		};
/* End XCBuildConfiguration section */

/* Begin XCConfigurationList section */
		30D3D0932AF48BD80001704C /* Build configuration list for PBXProject "iOS_Photos" */ = {
			isa = XCConfigurationList;
			buildConfigurations = (
				30D3D0AA2AF48BD90001704C /* Debug */,
				30D3D0AB2AF48BD90001704C /* Release */,
			);
			defaultConfigurationIsVisible = 0;
			defaultConfigurationName = Release;
		};
		30D3D0AC2AF48BD90001704C /* Build configuration list for PBXNativeTarget "iOS_Photos" */ = {
			isa = XCConfigurationList;
			buildConfigurations = (
				30D3D0AD2AF48BD90001704C /* Debug */,
				30D3D0AE2AF48BD90001704C /* Release */,
			);
			defaultConfigurationIsVisible = 0;
			defaultConfigurationName = Release;
		};
/* End XCConfigurationList section */

/* Begin XCRemoteSwiftPackageReference section */
		3016CB2C2AF4902C00A60EA4 /* XCRemoteSwiftPackageReference "SnapKit" */ = {
			isa = XCRemoteSwiftPackageReference;
			repositoryURL = "https://github.com/SnapKit/SnapKit.git";
			requirement = {
				kind = upToNextMajorVersion;
				minimumVersion = 5.6.0;
			};
		};
		3016CB2F2AF490B900A60EA4 /* XCRemoteSwiftPackageReference "NotificationManager" */ = {
			isa = XCRemoteSwiftPackageReference;
			repositoryURL = "https://github.com/BadWolf20/NotificationManager";
			requirement = {
				branch = master;
				kind = branch;
			};
		};
/* End XCRemoteSwiftPackageReference section */

/* Begin XCSwiftPackageProductDependency section */
		3016CB2D2AF4902C00A60EA4 /* SnapKit */ = {
			isa = XCSwiftPackageProductDependency;
			package = 3016CB2C2AF4902C00A60EA4 /* XCRemoteSwiftPackageReference "SnapKit" */;
			productName = SnapKit;
		};
		3016CB302AF490B900A60EA4 /* NotificationManager */ = {
			isa = XCSwiftPackageProductDependency;
			package = 3016CB2F2AF490B900A60EA4 /* XCRemoteSwiftPackageReference "NotificationManager" */;
			productName = NotificationManager;
		};
/* End XCSwiftPackageProductDependency section */
	};
	rootObject = 30D3D0902AF48BD80001704C /* Project object */;
}
